// !$*UTF8*$!
{
	archiveVersion = 1;
	classes = {
	};
	objectVersion = 77;
	objects = {

/* Begin PBXBuildFile section */
		071DBE86601385E2336EFE8B /* QuizView.swift in Sources */ = {isa = PBXBuildFile; fileRef = BB40F90317E2743649718042 /* QuizView.swift */; };
		13E1E702E74BEC760F2DC82E /* questions.json in Resources */ = {isa = PBXBuildFile; fileRef = 2509D4896AC19B71C01AE693 /* questions.json */; };
		2A5D95607675E0B167130A22 /* DiagramsView.swift in Sources */ = {isa = PBXBuildFile; fileRef = 58610E1F162CCE6FA62384D5 /* DiagramsView.swift */; };
		358897B1C60304E4E4CAD604 /* rules.json in Resources */ = {isa = PBXBuildFile; fileRef = 039E776866383A47A80EC896 /* rules.json */; };
		3A9F5667621BF441877AB0C2 /* StudyView.swift in Sources */ = {isa = PBXBuildFile; fileRef = 39581D9E279D27C5F4E823BC /* StudyView.swift */; };
		43F2023FA6E10C585DAA3557 /* AppState.swift in Sources */ = {isa = PBXBuildFile; fileRef = 6F56D9095C9AC208380566B4 /* AppState.swift */; };
		4AF555836610232165B1A0ED /* QuestionCard.swift in Sources */ = {isa = PBXBuildFile; fileRef = 53D926E913F52169CAEBB843 /* QuestionCard.swift */; };
		4D854FF0D9772B7FFA58B76F /* DataManager.swift in Sources */ = {isa = PBXBuildFile; fileRef = 0DBE91C458C63364BB880AA1 /* DataManager.swift */; };
		517D3103C781BC1A7310AFF6 /* ContentView.swift in Sources */ = {isa = PBXBuildFile; fileRef = ED7DA819764F471A541850A9 /* ContentView.swift */; };
		89FB32AE75BBA16FA60B4432 /* HomeView.swift in Sources */ = {isa = PBXBuildFile; fileRef = CA7EA5973D14400C4E12BFE8 /* HomeView.swift */; };
		A0275A4BA5E71EB01B8B247E /* RulesOfTheRoadApp.swift in Sources */ = {isa = PBXBuildFile; fileRef = 026F2C0E21EBF2D5394E65EC /* RulesOfTheRoadApp.swift */; };
		C96ABADCD543912BF2D4F585 /* SpacedRepetition.swift in Sources */ = {isa = PBXBuildFile; fileRef = 19EBCF2AC6184D55A657D965 /* SpacedRepetition.swift */; };
		D80833B047481416CBF04FFA /* Models.swift in Sources */ = {isa = PBXBuildFile; fileRef = DC0EF0FFBC9C8DE600AB5D4E /* Models.swift */; };
		E7D42B1AE2B7BD270C0C5C10 /* DesignSystem.swift in Sources */ = {isa = PBXBuildFile; fileRef = F93FD6CCF40CC954875E68DF /* DesignSystem.swift */; };
		F88491E1CCB4EE3D17D107C1 /* StatsView.swift in Sources */ = {isa = PBXBuildFile; fileRef = 6BC14DF2C07E4C79E00CBA12 /* StatsView.swift */; };
		FF49D93D752468C3E139DFD2 /* Assets.xcassets in Resources */ = {isa = PBXBuildFile; fileRef = A30901802BCC48ACDA3DEF5B /* Assets.xcassets */; };
/* End PBXBuildFile section */

/* Begin PBXFileReference section */
		026F2C0E21EBF2D5394E65EC /* RulesOfTheRoadApp.swift */ = {isa = PBXFileReference; lastKnownFileType = sourcecode.swift; path = RulesOfTheRoadApp.swift; sourceTree = "<group>"; };
		039E776866383A47A80EC896 /* rules.json */ = {isa = PBXFileReference; lastKnownFileType = text.json; path = rules.json; sourceTree = "<group>"; };
		0DBE91C458C63364BB880AA1 /* DataManager.swift */ = {isa = PBXFileReference; lastKnownFileType = sourcecode.swift; path = DataManager.swift; sourceTree = "<group>"; };
		19EBCF2AC6184D55A657D965 /* SpacedRepetition.swift */ = {isa = PBXFileReference; lastKnownFileType = sourcecode.swift; path = SpacedRepetition.swift; sourceTree = "<group>"; };
		2509D4896AC19B71C01AE693 /* questions.json */ = {isa = PBXFileReference; lastKnownFileType = text.json; path = questions.json; sourceTree = "<group>"; };
		39581D9E279D27C5F4E823BC /* StudyView.swift */ = {isa = PBXFileReference; lastKnownFileType = sourcecode.swift; path = StudyView.swift; sourceTree = "<group>"; };
		53D926E913F52169CAEBB843 /* QuestionCard.swift */ = {isa = PBXFileReference; lastKnownFileType = sourcecode.swift; path = QuestionCard.swift; sourceTree = "<group>"; };
		58610E1F162CCE6FA62384D5 /* DiagramsView.swift */ = {isa = PBXFileReference; lastKnownFileType = sourcecode.swift; path = DiagramsView.swift; sourceTree = "<group>"; };
		6BC14DF2C07E4C79E00CBA12 /* StatsView.swift */ = {isa = PBXFileReference; lastKnownFileType = sourcecode.swift; path = StatsView.swift; sourceTree = "<group>"; };
		6F56D9095C9AC208380566B4 /* AppState.swift */ = {isa = PBXFileReference; lastKnownFileType = sourcecode.swift; path = AppState.swift; sourceTree = "<group>"; };
		A30901802BCC48ACDA3DEF5B /* Assets.xcassets */ = {isa = PBXFileReference; lastKnownFileType = folder.assetcatalog; path = Assets.xcassets; sourceTree = "<group>"; };
		A4A455AF9623EB11C4F90E24 /* RulesOfTheRoad.app */ = {isa = PBXFileReference; includeInIndex = 0; lastKnownFileType = wrapper.application; path = RulesOfTheRoad.app; sourceTree = BUILT_PRODUCTS_DIR; };
		BB40F90317E2743649718042 /* QuizView.swift */ = {isa = PBXFileReference; lastKnownFileType = sourcecode.swift; path = QuizView.swift; sourceTree = "<group>"; };
		CA7EA5973D14400C4E12BFE8 /* HomeView.swift */ = {isa = PBXFileReference; lastKnownFileType = sourcecode.swift; path = HomeView.swift; sourceTree = "<group>"; };
		DC0EF0FFBC9C8DE600AB5D4E /* Models.swift */ = {isa = PBXFileReference; lastKnownFileType = sourcecode.swift; path = Models.swift; sourceTree = "<group>"; };
		ED7DA819764F471A541850A9 /* ContentView.swift */ = {isa = PBXFileReference; lastKnownFileType = sourcecode.swift; path = ContentView.swift; sourceTree = "<group>"; };
		F93FD6CCF40CC954875E68DF /* DesignSystem.swift */ = {isa = PBXFileReference; lastKnownFileType = sourcecode.swift; path = DesignSystem.swift; sourceTree = "<group>"; };
/* End PBXFileReference section */

/* Begin PBXGroup section */
		01FF1447B2F555CCEE83EF72 /* Study */ = {
			isa = PBXGroup;
			children = (
				39581D9E279D27C5F4E823BC /* StudyView.swift */,
			);
			path = Study;
			sourceTree = "<group>";
		};
		02D41F648C4363DA3735006F /* App */ = {
			isa = PBXGroup;
			children = (
				ED7DA819764F471A541850A9 /* ContentView.swift */,
				026F2C0E21EBF2D5394E65EC /* RulesOfTheRoadApp.swift */,
			);
			path = App;
			sourceTree = "<group>";
		};
		0A97BE8926EFEF752B246071 /* Home */ = {
			isa = PBXGroup;
			children = (
				CA7EA5973D14400C4E12BFE8 /* HomeView.swift */,
			);
			path = Home;
			sourceTree = "<group>";
		};
		2DFDBA7DA136640D7E54C688 /* Components */ = {
			isa = PBXGroup;
			children = (
				53D926E913F52169CAEBB843 /* QuestionCard.swift */,
			);
			path = Components;
			sourceTree = "<group>";
		};
		353E4C7EE1E5E05C18658004 /* Data */ = {
			isa = PBXGroup;
			children = (
				0DBE91C458C63364BB880AA1 /* DataManager.swift */,
				19EBCF2AC6184D55A657D965 /* SpacedRepetition.swift */,
			);
			path = Data;
			sourceTree = "<group>";
		};
		3DCCF32D5419E869D8869850 /* Stats */ = {
			isa = PBXGroup;
			children = (
				6BC14DF2C07E4C79E00CBA12 /* StatsView.swift */,
			);
			path = Stats;
			sourceTree = "<group>";
		};
		5E5EAD10A01B41608999D089 /* RulesOfTheRoad */ = {
			isa = PBXGroup;
			children = (
				A30901802BCC48ACDA3DEF5B /* Assets.xcassets */,
				2509D4896AC19B71C01AE693 /* questions.json */,
				039E776866383A47A80EC896 /* rules.json */,
				02D41F648C4363DA3735006F /* App */,
				353E4C7EE1E5E05C18658004 /* Data */,
				A97A29DC4053CFA8DC40B4DD /* Design */,
				B79AE6E6E05A0BF040008B8C /* Models */,
				D021AFE57384A7F3C514BE57 /* Views */,
			);
			path = RulesOfTheRoad;
			sourceTree = "<group>";
		};
		61F51A9D8946A2D68B07BDDB /* Products */ = {
			isa = PBXGroup;
			children = (
				A4A455AF9623EB11C4F90E24 /* RulesOfTheRoad.app */,
			);
			name = Products;
			sourceTree = "<group>";
		};
		8BBCE17679CCF366A2A4AFB4 = {
			isa = PBXGroup;
			children = (
				5E5EAD10A01B41608999D089 /* RulesOfTheRoad */,
				61F51A9D8946A2D68B07BDDB /* Products */,
			);
			sourceTree = "<group>";
		};
		A3A237C022CCC00AFDBE77C5 /* Diagrams */ = {
			isa = PBXGroup;
			children = (
				58610E1F162CCE6FA62384D5 /* DiagramsView.swift */,
			);
			path = Diagrams;
			sourceTree = "<group>";
		};
		A97A29DC4053CFA8DC40B4DD /* Design */ = {
			isa = PBXGroup;
			children = (
				F93FD6CCF40CC954875E68DF /* DesignSystem.swift */,
			);
			path = Design;
			sourceTree = "<group>";
		};
		AFBD1A4AFB9929F2672A6796 /* Quiz */ = {
			isa = PBXGroup;
			children = (
				BB40F90317E2743649718042 /* QuizView.swift */,
			);
			path = Quiz;
			sourceTree = "<group>";
		};
		B79AE6E6E05A0BF040008B8C /* Models */ = {
			isa = PBXGroup;
			children = (
				6F56D9095C9AC208380566B4 /* AppState.swift */,
				DC0EF0FFBC9C8DE600AB5D4E /* Models.swift */,
			);
			path = Models;
			sourceTree = "<group>";
		};
		D021AFE57384A7F3C514BE57 /* Views */ = {
			isa = PBXGroup;
			children = (
				2DFDBA7DA136640D7E54C688 /* Components */,
				A3A237C022CCC00AFDBE77C5 /* Diagrams */,
				0A97BE8926EFEF752B246071 /* Home */,
				AFBD1A4AFB9929F2672A6796 /* Quiz */,
				3DCCF32D5419E869D8869850 /* Stats */,
				01FF1447B2F555CCEE83EF72 /* Study */,
			);
			path = Views;
			sourceTree = "<group>";
		};
/* End PBXGroup section */

/* Begin PBXNativeTarget section */
		DB63967CE7A85A6867C001ED /* RulesOfTheRoad */ = {
			isa = PBXNativeTarget;
			buildConfigurationList = 29D3C2A1F11209EBDCC937BB /* Build configuration list for PBXNativeTarget "RulesOfTheRoad" */;
			buildPhases = (
				58F711EFC714B424AA39BE3B /* Sources */,
				0F074EE3C3017C56A75D9E61 /* Resources */,
			);
			buildRules = (
			);
			dependencies = (
			);
			name = RulesOfTheRoad;
			packageProductDependencies = (
			);
			productName = RulesOfTheRoad;
			productReference = A4A455AF9623EB11C4F90E24 /* RulesOfTheRoad.app */;
			productType = "com.apple.product-type.application";
		};
/* End PBXNativeTarget section */

/* Begin PBXProject section */
		82AE84253E6355B3A1746182 /* Project object */ = {
			isa = PBXProject;
			attributes = {
				BuildIndependentTargetsInParallel = YES;
				LastUpgradeCheck = 1600;
				TargetAttributes = {
					DB63967CE7A85A6867C001ED = {
						DevelopmentTeam = T2L49AHSZ6;
						ProvisioningStyle = Automatic;
					};
				};
			};
			buildConfigurationList = AEF03F02F7E133ABB2A3E324 /* Build configuration list for PBXProject "RulesOfTheRoad" */;
			compatibilityVersion = "Xcode 14.0";
			developmentRegion = en;
			hasScannedForEncodings = 0;
			knownRegions = (
				Base,
				en,
			);
			mainGroup = 8BBCE17679CCF366A2A4AFB4;
			minimizedProjectReferenceProxies = 1;
			preferredProjectObjectVersion = 77;
			projectDirPath = "";
			projectRoot = "";
			targets = (
				DB63967CE7A85A6867C001ED /* RulesOfTheRoad */,
			);
		};
/* End PBXProject section */

/* Begin PBXResourcesBuildPhase section */
		0F074EE3C3017C56A75D9E61 /* Resources */ = {
			isa = PBXResourcesBuildPhase;
			buildActionMask = 2147483647;
			files = (
				FF49D93D752468C3E139DFD2 /* Assets.xcassets in Resources */,
				13E1E702E74BEC760F2DC82E /* questions.json in Resources */,
				358897B1C60304E4E4CAD604 /* rules.json in Resources */,
			);
			runOnlyForDeploymentPostprocessing = 0;
		};
/* End PBXResourcesBuildPhase section */

/* Begin PBXSourcesBuildPhase section */
		58F711EFC714B424AA39BE3B /* Sources */ = {
			isa = PBXSourcesBuildPhase;
			buildActionMask = 2147483647;
			files = (
				43F2023FA6E10C585DAA3557 /* AppState.swift in Sources */,
				517D3103C781BC1A7310AFF6 /* ContentView.swift in Sources */,
				4D854FF0D9772B7FFA58B76F /* DataManager.swift in Sources */,
				E7D42B1AE2B7BD270C0C5C10 /* DesignSystem.swift in Sources */,
				2A5D95607675E0B167130A22 /* DiagramsView.swift in Sources */,
				89FB32AE75BBA16FA60B4432 /* HomeView.swift in Sources */,
				D80833B047481416CBF04FFA /* Models.swift in Sources */,
				4AF555836610232165B1A0ED /* QuestionCard.swift in Sources */,
				071DBE86601385E2336EFE8B /* QuizView.swift in Sources */,
				A0275A4BA5E71EB01B8B247E /* RulesOfTheRoadApp.swift in Sources */,
				C96ABADCD543912BF2D4F585 /* SpacedRepetition.swift in Sources */,
				F88491E1CCB4EE3D17D107C1 /* StatsView.swift in Sources */,
				3A9F5667621BF441877AB0C2 /* StudyView.swift in Sources */,
			);
			runOnlyForDeploymentPostprocessing = 0;
		};
/* End PBXSourcesBuildPhase section */

/* Begin XCBuildConfiguration section */
		5FBD7D63A894C21183DDA103 /* Release */ = {
			isa = XCBuildConfiguration;
			buildSettings = {
				ASSETCATALOG_COMPILER_APPICON_NAME = AppIcon;
				ASSETCATALOG_COMPILER_GLOBAL_ACCENT_COLOR_NAME = AccentColor;
				CODE_SIGN_IDENTITY = "iPhone Developer";
				CODE_SIGN_STYLE = Automatic;
				DEBUG_INFORMATION_FORMAT = "dwarf-with-dsym";
				DEVELOPMENT_TEAM = T2L49AHSZ6;
				ENABLE_BITCODE = NO;
				INFOPLIST_FILE = RulesOfTheRoad/Info.plist;
				IPHONEOS_DEPLOYMENT_TARGET = 17.0;
				LD_RUNPATH_SEARCH_PATHS = (
					"$(inherited)",
					"@executable_path/Frameworks",
				);
				PRODUCT_BUNDLE_IDENTIFIER = com.swsc.rulesoftheroad;
				SDKROOT = iphoneos;
				SWIFT_COMPILATION_MODE = wholemodule;
				SWIFT_EMIT_LOC_STRINGS = YES;
				SWIFT_OPTIMIZATION_LEVEL = "-O";
				TARGETED_DEVICE_FAMILY = "1,2";
				VALIDATE_PRODUCT = YES;
			};
			name = Release;
		};
		B4A72BB59543A9714142F732 /* Release */ = {
			isa = XCBuildConfiguration;
			buildSettings = {
				ALWAYS_SEARCH_USER_PATHS = NO;
				CLANG_ANALYZER_NONNULL = YES;
				CLANG_ANALYZER_NUMBER_OBJECT_CONVERSION = YES_AGGRESSIVE;
				CLANG_CXX_LANGUAGE_STANDARD = "gnu++14";
				CLANG_CXX_LIBRARY = "libc++";
				CLANG_ENABLE_MODULES = YES;
				CLANG_ENABLE_OBJC_ARC = YES;
				CLANG_ENABLE_OBJC_WEAK = YES;
				CLANG_WARN_BLOCK_CAPTURE_AUTORELEASING = YES;
				CLANG_WARN_BOOL_CONVERSION = YES;
				CLANG_WARN_COMMA = YES;
				CLANG_WARN_CONSTANT_CONVERSION = YES;
				CLANG_WARN_DEPRECATED_OBJC_IMPLEMENTATIONS = YES;
				CLANG_WARN_DIRECT_OBJC_ISA_USAGE = YES_ERROR;
				CLANG_WARN_DOCUMENTATION_COMMENTS = YES;
				CLANG_WARN_EMPTY_BODY = YES;
				CLANG_WARN_ENUM_CONVERSION = YES;
				CLANG_WARN_INFINITE_RECURSION = YES;
				CLANG_WARN_INT_CONVERSION = YES;
				CLANG_WARN_NON_LITERAL_NULL_CONVERSION = YES;
				CLANG_WARN_OBJC_IMPLICIT_RETAIN_SELF = YES;
				CLANG_WARN_OBJC_LITERAL_CONVERSION = YES;
				CLANG_WARN_OBJC_ROOT_CLASS = YES_ERROR;
				CLANG_WARN_QUOTED_INCLUDE_IN_FRAMEWORK_HEADER = YES;
				CLANG_WARN_RANGE_LOOP_ANALYSIS = YES;
				CLANG_WARN_STRICT_PROTOTYPES = YES;
				CLANG_WARN_SUSPICIOUS_MOVE = YES;
				CLANG_WARN_UNGUARDED_AVAILABILITY = YES_AGGRESSIVE;
				CLANG_WARN_UNREACHABLE_CODE = YES;
				CLANG_WARN__DUPLICATE_METHOD_MATCH = YES;
				COPY_PHASE_STRIP = NO;
				CURRENT_PROJECT_VERSION = 1;
				DEBUG_INFORMATION_FORMAT = "dwarf-with-dsym";
				ENABLE_NS_ASSERTIONS = NO;
				ENABLE_PREVIEWS = YES;
				ENABLE_STRICT_OBJC_MSGSEND = YES;
				GCC_C_LANGUAGE_STANDARD = gnu11;
				GCC_NO_COMMON_BLOCKS = YES;
				GCC_WARN_64_TO_32_BIT_CONVERSION = YES;
				GCC_WARN_ABOUT_RETURN_TYPE = YES_ERROR;
				GCC_WARN_UNDECLARED_SELECTOR = YES;
				GCC_WARN_UNINITIALIZED_AUTOS = YES_AGGRESSIVE;
				GCC_WARN_UNUSED_FUNCTION = YES;
				GCC_WARN_UNUSED_VARIABLE = YES;
				IPHONEOS_DEPLOYMENT_TARGET = 17.0;
				MARKETING_VERSION = 1.0;
				MTL_ENABLE_DEBUG_INFO = NO;
				MTL_FAST_MATH = YES;
				PRODUCT_NAME = "$(TARGET_NAME)";
				SDKROOT = iphoneos;
				SUPPORTS_MACCATALYST = NO;
				SWIFT_COMPILATION_MODE = wholemodule;
				SWIFT_OPTIMIZATION_LEVEL = "-O";
				SWIFT_VERSION = 5.0;
				TARGETED_DEVICE_FAMILY = 1;
			};
			name = Release;
		};
		B725692E9658D49D65D9E602 /* Debug */ = {
			isa = XCBuildConfiguration;
			buildSettings = {
				ASSETCATALOG_COMPILER_APPICON_NAME = AppIcon;
				ASSETCATALOG_COMPILER_GLOBAL_ACCENT_COLOR_NAME = AccentColor;
				CODE_SIGN_IDENTITY = "iPhone Developer";
				CODE_SIGN_STYLE = Automatic;
				DEBUG_INFORMATION_FORMAT = dwarf;
				DEVELOPMENT_TEAM = T2L49AHSZ6;
				INFOPLIST_FILE = RulesOfTheRoad/Info.plist;
				IPHONEOS_DEPLOYMENT_TARGET = 17.0;
				LD_RUNPATH_SEARCH_PATHS = (
					"$(inherited)",
					"@executable_path/Frameworks",
				);
				PRODUCT_BUNDLE_IDENTIFIER = com.swsc.rulesoftheroad;
				SDKROOT = iphoneos;
				SWIFT_ACTIVE_COMPILATION_CONDITIONS = DEBUG;
				SWIFT_EMIT_LOC_STRINGS = YES;
				SWIFT_OPTIMIZATION_LEVEL = "-Onone";
				TARGETED_DEVICE_FAMILY = "1,2";
			};
			name = Debug;
		};
		CCC6B3F5F90E61B35410D562 /* Debug */ = {
			isa = XCBuildConfiguration;
			buildSettings = {
				ALWAYS_SEARCH_USER_PATHS = NO;
				CLANG_ANALYZER_NONNULL = YES;
				CLANG_ANALYZER_NUMBER_OBJECT_CONVERSION = YES_AGGRESSIVE;
				CLANG_CXX_LANGUAGE_STANDARD = "gnu++14";
				CLANG_CXX_LIBRARY = "libc++";
				CLANG_ENABLE_MODULES = YES;
				CLANG_ENABLE_OBJC_ARC = YES;
				CLANG_ENABLE_OBJC_WEAK = YES;
				CLANG_WARN_BLOCK_CAPTURE_AUTORELEASING = YES;
				CLANG_WARN_BOOL_CONVERSION = YES;
				CLANG_WARN_COMMA = YES;
				CLANG_WARN_CONSTANT_CONVERSION = YES;
				CLANG_WARN_DEPRECATED_OBJC_IMPLEMENTATIONS = YES;
				CLANG_WARN_DIRECT_OBJC_ISA_USAGE = YES_ERROR;
				CLANG_WARN_DOCUMENTATION_COMMENTS = YES;
				CLANG_WARN_EMPTY_BODY = YES;
				CLANG_WARN_ENUM_CONVERSION = YES;
				CLANG_WARN_INFINITE_RECURSION = YES;
				CLANG_WARN_INT_CONVERSION = YES;
				CLANG_WARN_NON_LITERAL_NULL_CONVERSION = YES;
				CLANG_WARN_OBJC_IMPLICIT_RETAIN_SELF = YES;
				CLANG_WARN_OBJC_LITERAL_CONVERSION = YES;
				CLANG_WARN_OBJC_ROOT_CLASS = YES_ERROR;
				CLANG_WARN_QUOTED_INCLUDE_IN_FRAMEWORK_HEADER = YES;
				CLANG_WARN_RANGE_LOOP_ANALYSIS = YES;
				CLANG_WARN_STRICT_PROTOTYPES = YES;
				CLANG_WARN_SUSPICIOUS_MOVE = YES;
				CLANG_WARN_UNGUARDED_AVAILABILITY = YES_AGGRESSIVE;
				CLANG_WARN_UNREACHABLE_CODE = YES;
				CLANG_WARN__DUPLICATE_METHOD_MATCH = YES;
				COPY_PHASE_STRIP = NO;
				CURRENT_PROJECT_VERSION = 1;
				DEBUG_INFORMATION_FORMAT = dwarf;
				ENABLE_PREVIEWS = YES;
				ENABLE_STRICT_OBJC_MSGSEND = YES;
				ENABLE_TESTABILITY = YES;
				GCC_C_LANGUAGE_STANDARD = gnu11;
				GCC_DYNAMIC_NO_PIC = NO;
				GCC_NO_COMMON_BLOCKS = YES;
				GCC_OPTIMIZATION_LEVEL = 0;
				GCC_PREPROCESSOR_DEFINITIONS = (
					"$(inherited)",
					"DEBUG=1",
				);
				GCC_WARN_64_TO_32_BIT_CONVERSION = YES;
				GCC_WARN_ABOUT_RETURN_TYPE = YES_ERROR;
				GCC_WARN_UNDECLARED_SELECTOR = YES;
				GCC_WARN_UNINITIALIZED_AUTOS = YES_AGGRESSIVE;
				GCC_WARN_UNUSED_FUNCTION = YES;
				GCC_WARN_UNUSED_VARIABLE = YES;
				IPHONEOS_DEPLOYMENT_TARGET = 17.0;
				MARKETING_VERSION = 1.0;
				MTL_ENABLE_DEBUG_INFO = INCLUDE_SOURCE;
				MTL_FAST_MATH = YES;
				ONLY_ACTIVE_ARCH = YES;
				PRODUCT_NAME = "$(TARGET_NAME)";
				SDKROOT = iphoneos;
				SUPPORTS_MACCATALYST = NO;
				SWIFT_ACTIVE_COMPILATION_CONDITIONS = DEBUG;
				SWIFT_OPTIMIZATION_LEVEL = "-Onone";
				SWIFT_VERSION = 5.0;
				TARGETED_DEVICE_FAMILY = 1;
			};
			name = Debug;
		};
/* End XCBuildConfiguration section */

/* Begin XCConfigurationList section */
		29D3C2A1F11209EBDCC937BB /* Build configuration list for PBXNativeTarget "RulesOfTheRoad" */ = {
			isa = XCConfigurationList;
			buildConfigurations = (
				B725692E9658D49D65D9E602 /* Debug */,
				5FBD7D63A894C21183DDA103 /* Release */,
			);
			defaultConfigurationIsVisible = 0;
			defaultConfigurationName = Debug;
		};
		AEF03F02F7E133ABB2A3E324 /* Build configuration list for PBXProject "RulesOfTheRoad" */ = {
			isa = XCConfigurationList;
			buildConfigurations = (
				CCC6B3F5F90E61B35410D562 /* Debug */,
				B4A72BB59543A9714142F732 /* Release */,
			);
			defaultConfigurationIsVisible = 0;
			defaultConfigurationName = Debug;
		};
/* End XCConfigurationList section */
	};
	rootObject = 82AE84253E6355B3A1746182 /* Project object */;
}
