// !$*UTF8*$!
{
	archiveVersion = 1;
	classes = {
	};
	objectVersion = 60;
	objects = {

/* Begin PBXBuildFile section */
		A100001 /* RulesOfTheRoadApp.swift in Sources */ = {isa = PBXBuildFile; fileRef = A200001 /* RulesOfTheRoadApp.swift */; };
		A100002 /* ContentView.swift in Sources */ = {isa = PBXBuildFile; fileRef = A200002 /* ContentView.swift */; };
		A100003 /* DesignSystem.swift in Sources */ = {isa = PBXBuildFile; fileRef = A200003 /* DesignSystem.swift */; };
		A100004 /* Models.swift in Sources */ = {isa = PBXBuildFile; fileRef = A200004 /* Models.swift */; };
		A100005 /* AppState.swift in Sources */ = {isa = PBXBuildFile; fileRef = A200005 /* AppState.swift */; };
		A100006 /* DataManager.swift in Sources */ = {isa = PBXBuildFile; fileRef = A200006 /* DataManager.swift */; };
		A100007 /* SpacedRepetition.swift in Sources */ = {isa = PBXBuildFile; fileRef = A200007 /* SpacedRepetition.swift */; };
		A100008 /* HomeView.swift in Sources */ = {isa = PBXBuildFile; fileRef = A200008 /* HomeView.swift */; };
		A100009 /* StudyView.swift in Sources */ = {isa = PBXBuildFile; fileRef = A200009 /* StudyView.swift */; };
		A100010 /* QuizView.swift in Sources */ = {isa = PBXBuildFile; fileRef = A200010 /* QuizView.swift */; };
		A100011 /* DiagramsView.swift in Sources */ = {isa = PBXBuildFile; fileRef = A200011 /* DiagramsView.swift */; };
		A100012 /* StatsView.swift in Sources */ = {isa = PBXBuildFile; fileRef = A200012 /* StatsView.swift */; };
		A100013 /* QuestionCard.swift in Sources */ = {isa = PBXBuildFile; fileRef = A200013 /* QuestionCard.swift */; };
		A100014 /* questions.json in Resources */ = {isa = PBXBuildFile; fileRef = A200014 /* questions.json */; };
		A100015 /* rules.json in Resources */ = {isa = PBXBuildFile; fileRef = A200015 /* rules.json */; };
		A100016 /* Assets.xcassets in Resources */ = {isa = PBXBuildFile; fileRef = A200016 /* Assets.xcassets */; };
/* End PBXBuildFile section */

/* Begin PBXFileReference section */
		A200001 /* RulesOfTheRoadApp.swift */ = {isa = PBXFileReference; lastKnownFileType = sourcecode.swift; path = "RulesOfTheRoadApp.swift"; sourceTree = "<group>"; };
		A200002 /* ContentView.swift */ = {isa = PBXFileReference; lastKnownFileType = sourcecode.swift; path = ContentView.swift; sourceTree = "<group>"; };
		A200003 /* DesignSystem.swift */ = {isa = PBXFileReference; lastKnownFileType = sourcecode.swift; path = DesignSystem.swift; sourceTree = "<group>"; };
		A200004 /* Models.swift */ = {isa = PBXFileReference; lastKnownFileType = sourcecode.swift; path = Models.swift; sourceTree = "<group>"; };
		A200005 /* AppState.swift */ = {isa = PBXFileReference; lastKnownFileType = sourcecode.swift; path = AppState.swift; sourceTree = "<group>"; };
		A200006 /* DataManager.swift */ = {isa = PBXFileReference; lastKnownFileType = sourcecode.swift; path = DataManager.swift; sourceTree = "<group>"; };
		A200007 /* SpacedRepetition.swift */ = {isa = PBXFileReference; lastKnownFileType = sourcecode.swift; path = SpacedRepetition.swift; sourceTree = "<group>"; };
		A200008 /* HomeView.swift */ = {isa = PBXFileReference; lastKnownFileType = sourcecode.swift; path = HomeView.swift; sourceTree = "<group>"; };
		A200009 /* StudyView.swift */ = {isa = PBXFileReference; lastKnownFileType = sourcecode.swift; path = StudyView.swift; sourceTree = "<group>"; };
		A200010 /* QuizView.swift */ = {isa = PBXFileReference; lastKnownFileType = sourcecode.swift; path = QuizView.swift; sourceTree = "<group>"; };
		A200011 /* DiagramsView.swift */ = {isa = PBXFileReference; lastKnownFileType = sourcecode.swift; path = DiagramsView.swift; sourceTree = "<group>"; };
		A200012 /* StatsView.swift */ = {isa = PBXFileReference; lastKnownFileType = sourcecode.swift; path = StatsView.swift; sourceTree = "<group>"; };
		A200013 /* QuestionCard.swift */ = {isa = PBXFileReference; lastKnownFileType = sourcecode.swift; path = QuestionCard.swift; sourceTree = "<group>"; };
		A200014 /* questions.json */ = {isa = PBXFileReference; lastKnownFileType = text.json; path = questions.json; sourceTree = "<group>"; };
		A200015 /* rules.json */ = {isa = PBXFileReference; lastKnownFileType = text.json; path = rules.json; sourceTree = "<group>"; };
		A200016 /* Assets.xcassets */ = {isa = PBXFileReference; lastKnownFileType = folder.assetcatalog; path = Assets.xcassets; sourceTree = "<group>"; };
		AAPP001 /* RulesOfTheRoad.app */ = {isa = PBXFileReference; explicitFileType = wrapper.application; includeInIndex = 0; path = "RulesOfTheRoad.app"; sourceTree = BUILT_PRODUCTS_DIR; };
/* End PBXFileReference section */

/* Begin PBXFrameworksBuildPhase section */
		AFRAM001 = {
			isa = PBXFrameworksBuildPhase;
			buildActionMask = 2147483647;
			files = ();
			runOnlyForDeploymentPostprocessing = 0;
		};
/* End PBXFrameworksBuildPhase section */

/* Begin PBXGroup section */
		AGRP000 = {
			isa = PBXGroup;
			children = (
				AGRP001 /* RulesOfTheRoad */,
				AGRP999 /* Products */,
			);
			sourceTree = "<group>";
		};
		AGRP001 /* RulesOfTheRoad */ = {
			isa = PBXGroup;
			children = (
				AGRP002 /* App */,
				AGRP003 /* Design */,
				AGRP004 /* Models */,
				AGRP005 /* Data */,
				AGRP006 /* Views */,
				A200014 /* questions.json */,
				A200015 /* rules.json */,
				A200016 /* Assets.xcassets */,
			);
			path = RulesOfTheRoad;
			sourceTree = "<group>";
		};
		AGRP002 /* App */ = {
			isa = PBXGroup;
			children = (
				A200001 /* RulesOfTheRoadApp.swift */,
				A200002 /* ContentView.swift */,
			);
			path = App;
			sourceTree = "<group>";
		};
		AGRP003 /* Design */ = {
			isa = PBXGroup;
			children = (
				A200003 /* DesignSystem.swift */,
			);
			path = Design;
			sourceTree = "<group>";
		};
		AGRP004 /* Models */ = {
			isa = PBXGroup;
			children = (
				A200004 /* Models.swift */,
				A200005 /* AppState.swift */,
			);
			path = Models;
			sourceTree = "<group>";
		};
		AGRP005 /* Data */ = {
			isa = PBXGroup;
			children = (
				A200006 /* DataManager.swift */,
				A200007 /* SpacedRepetition.swift */,
			);
			path = Data;
			sourceTree = "<group>";
		};
		AGRP006 /* Views */ = {
			isa = PBXGroup;
			children = (
				AGRP007 /* Home */,
				AGRP008 /* Study */,
				AGRP009 /* Quiz */,
				AGRP010 /* Diagrams */,
				AGRP011 /* Stats */,
				AGRP012 /* Components */,
			);
			path = Views;
			sourceTree = "<group>";
		};
		AGRP007 /* Home */ = {
			isa = PBXGroup;
			children = (A200008 /* HomeView.swift */);
			path = Home;
			sourceTree = "<group>";
		};
		AGRP008 /* Study */ = {
			isa = PBXGroup;
			children = (A200009 /* StudyView.swift */);
			path = Study;
			sourceTree = "<group>";
		};
		AGRP009 /* Quiz */ = {
			isa = PBXGroup;
			children = (A200010 /* QuizView.swift */);
			path = Quiz;
			sourceTree = "<group>";
		};
		AGRP010 /* Diagrams */ = {
			isa = PBXGroup;
			children = (A200011 /* DiagramsView.swift */);
			path = Diagrams;
			sourceTree = "<group>";
		};
		AGRP011 /* Stats */ = {
			isa = PBXGroup;
			children = (A200012 /* StatsView.swift */);
			path = Stats;
			sourceTree = "<group>";
		};
		AGRP012 /* Components */ = {
			isa = PBXGroup;
			children = (A200013 /* QuestionCard.swift */);
			path = Components;
			sourceTree = "<group>";
		};
		AGRP999 /* Products */ = {
			isa = PBXGroup;
			children = (AAPP001 /* RulesOfTheRoad.app */);
			name = Products;
			sourceTree = "<group>";
		};
/* End PBXGroup section */

/* Begin PBXNativeTarget section */
		ATGT001 /* RulesOfTheRoad */ = {
			isa = PBXNativeTarget;
			buildConfigurationList = ACNF001 /* Build configuration list for PBXNativeTarget */;
			buildPhases = (
				ASRC001 /* Sources */,
				AFRAM001 /* Frameworks */,
				ARES001 /* Resources */,
			);
			buildRules = ();
			dependencies = ();
			name = RulesOfTheRoad;
			productName = RulesOfTheRoad;
			productReference = AAPP001 /* RulesOfTheRoad.app */;
			productType = "com.apple.product-type.application";
		};
/* End PBXNativeTarget section */

/* Begin PBXProject section */
		APRJ001 /* Project object */ = {
			isa = PBXProject;
			attributes = {
				BuildIndependentTargetsInParallel = 1;
				LastSwiftUpdateCheck = 1500;
				LastUpgradeCheck = 1500;
				TargetAttributes = {
					ATGT001 = {
						CreatedOnToolsVersion = 15.0;
					};
				};
			};
			buildConfigurationList = ACNF000 /* Build configuration list for PBXProject */;
			compatibilityVersion = "Xcode 14.0";
			developmentRegion = en;
			hasScannedForEncodings = 0;
			knownRegions = (en, Base);
			mainGroup = AGRP000;
			productRefGroup = AGRP999;
			projectDirPath = "";
			projectRoot = "";
			targets = (ATGT001 /* RulesOfTheRoad */);
		};
/* End PBXProject section */

/* Begin PBXResourcesBuildPhase section */
		ARES001 = {
			isa = PBXResourcesBuildPhase;
			buildActionMask = 2147483647;
			files = (
				A100014 /* questions.json in Resources */,
				A100015 /* rules.json in Resources */,
				A100016 /* Assets.xcassets in Resources */,
			);
			runOnlyForDeploymentPostprocessing = 0;
		};
/* End PBXResourcesBuildPhase section */

/* Begin PBXSourcesBuildPhase section */
		ASRC001 = {
			isa = PBXSourcesBuildPhase;
			buildActionMask = 2147483647;
			files = (
				A100001 /* RulesOfTheRoadApp.swift in Sources */,
				A100002 /* ContentView.swift in Sources */,
				A100003 /* DesignSystem.swift in Sources */,
				A100004 /* Models.swift in Sources */,
				A100005 /* AppState.swift in Sources */,
				A100006 /* DataManager.swift in Sources */,
				A100007 /* SpacedRepetition.swift in Sources */,
				A100008 /* HomeView.swift in Sources */,
				A100009 /* StudyView.swift in Sources */,
				A100010 /* QuizView.swift in Sources */,
				A100011 /* DiagramsView.swift in Sources */,
				A100012 /* StatsView.swift in Sources */,
				A100013 /* QuestionCard.swift in Sources */,
			);
			runOnlyForDeploymentPostprocessing = 0;
		};
/* End PBXSourcesBuildPhase section */

/* Begin XCBuildConfiguration section */
		ABLD001 /* Debug */ = {
			isa = XCBuildConfiguration;
			buildSettings = {
				ALWAYS_SEARCH_USER_PATHS = NO;
				ASSETCATALOG_COMPILER_GENERATE_SWIFT_ASSET_SYMBOL_EXTENSIONS = YES;
				CLANG_ANALYZER_NONNULL = YES;
				CLANG_CXX_LANGUAGE_STANDARD = "gnu++20";
				CLANG_ENABLE_MODULES = YES;
				CLANG_ENABLE_OBJC_ARC = YES;
				CLANG_WARN_BLOCK_CAPTURE_AUTORELEASING = YES;
				CLANG_WARN_BOOL_CONVERSION = YES;
				CLANG_WARN_COMMA = YES;
				CLANG_WARN_DIRECT_OBJC_ISA_USAGE = YES_ERROR;
				CLANG_WARN_DOCUMENTATION_COMMENTS = YES;
				CLANG_WARN_EMPTY_BODY = YES;
				CLANG_WARN_ENUM_CONVERSION = YES;
				CLANG_WARN_INFINITE_RECURSION = YES;
				CLANG_WARN_INT_CONVERSION = YES;
				CLANG_WARN_NON_LITERAL_NULL_CONVERSION = YES;
				CLANG_WARN_OBJC_IMPLICIT_RETAIN_SELF = YES;
				CLANG_WARN_OBJC_LITERAL_CONVERSION = YES;
				CLANG_WARN_OBJC_ROOT_CLASS = YES_ERROR;
				CLANG_WARN_QUOTED_INCLUDE_IN_FRAMEWORK_HEADER = YES;
				CLANG_WARN_RANGE_LOOP_ANALYSIS = YES;
				CLANG_WARN_STRICT_PROTOTYPES = YES;
				CLANG_WARN_SUSPICIOUS_MOVE = YES;
				CLANG_WARN_UNGUARDED_AVAILABILITY = YES_AGGRESSIVE;
				CLANG_WARN_UNREACHABLE_CODE = YES;
				CLANG_WARN__DUPLICATE_METHOD_MATCH = YES;
				COPY_PHASE_STRIP = NO;
				DEBUG_INFORMATION_FORMAT = dwarf;
				ENABLE_STRICT_OBJC_MSGSEND = YES;
				ENABLE_TESTABILITY = YES;
				ENABLE_USER_SCRIPT_SANDBOXING = YES;
				GCC_C_LANGUAGE_STANDARD = gnu17;
				GCC_DYNAMIC_NO_PIC = NO;
				GCC_NO_COMMON_BLOCKS = YES;
				GCC_OPTIMIZATION_LEVEL = 0;
				GCC_PREPROCESSOR_DEFINITIONS = (
					"DEBUG=1",
					"$(inherited)",
				);
				GCC_WARN_64_TO_32_BIT_CONVERSION = YES;
				GCC_WARN_ABOUT_RETURN_TYPE = YES_ERROR;
				GCC_WARN_UNDECLARED_SELECTOR = YES;
				GCC_WARN_UNINITIALIZED_AUTOS = YES_AGGRESSIVE;
				GCC_WARN_UNUSED_FUNCTION = YES;
				GCC_WARN_UNUSED_VARIABLE = YES;
				IPHONEOS_DEPLOYMENT_TARGET = 17.0;
				MTL_ENABLE_DEBUG_INFO = INCLUDE_SOURCE;
				MTL_FAST_MATH = YES;
				ONLY_ACTIVE_ARCH = YES;
				SDKROOT = iphoneos;
				SWIFT_ACTIVE_COMPILATION_CONDITIONS = "DEBUG $(inherited)";
				SWIFT_OPTIMIZATION_LEVEL = "-Onone";
			};
			name = Debug;
		};
		ABLD002 /* Release */ = {
			isa = XCBuildConfiguration;
			buildSettings = {
				ALWAYS_SEARCH_USER_PATHS = NO;
				ASSETCATALOG_COMPILER_GENERATE_SWIFT_ASSET_SYMBOL_EXTENSIONS = YES;
				CLANG_ANALYZER_NONNULL = YES;
				CLANG_CXX_LANGUAGE_STANDARD = "gnu++20";
				CLANG_ENABLE_MODULES = YES;
				CLANG_ENABLE_OBJC_ARC = YES;
				CLANG_WARN_BLOCK_CAPTURE_AUTORELEASING = YES;
				CLANG_WARN_BOOL_CONVERSION = YES;
				CLANG_WARN_COMMA = YES;
				CLANG_WARN_DIRECT_OBJC_ISA_USAGE = YES_ERROR;
				CLANG_WARN_DOCUMENTATION_COMMENTS = YES;
				CLANG_WARN_EMPTY_BODY = YES;
				CLANG_WARN_ENUM_CONVERSION = YES;
				CLANG_WARN_INFINITE_RECURSION = YES;
				CLANG_WARN_INT_CONVERSION = YES;
				CLANG_WARN_NON_LITERAL_NULL_CONVERSION = YES;
				CLANG_WARN_OBJC_IMPLICIT_RETAIN_SELF = YES;
				CLANG_WARN_OBJC_LITERAL_CONVERSION = YES;
				CLANG_WARN_OBJC_ROOT_CLASS = YES_ERROR;
				CLANG_WARN_QUOTED_INCLUDE_IN_FRAMEWORK_HEADER = YES;
				CLANG_WARN_RANGE_LOOP_ANALYSIS = YES;
				CLANG_WARN_STRICT_PROTOTYPES = YES;
				CLANG_WARN_SUSPICIOUS_MOVE = YES;
				CLANG_WARN_UNGUARDED_AVAILABILITY = YES_AGGRESSIVE;
				CLANG_WARN_UNREACHABLE_CODE = YES;
				CLANG_WARN__DUPLICATE_METHOD_MATCH = YES;
				COPY_PHASE_STRIP = NO;
				DEBUG_INFORMATION_FORMAT = "dwarf-with-dsym";
				ENABLE_NS_ASSERTIONS = NO;
				ENABLE_STRICT_OBJC_MSGSEND = YES;
				ENABLE_USER_SCRIPT_SANDBOXING = YES;
				GCC_C_LANGUAGE_STANDARD = gnu17;
				GCC_NO_COMMON_BLOCKS = YES;
				GCC_WARN_64_TO_32_BIT_CONVERSION = YES;
				GCC_WARN_ABOUT_RETURN_TYPE = YES_ERROR;
				GCC_WARN_UNDECLARED_SELECTOR = YES;
				GCC_WARN_UNINITIALIZED_AUTOS = YES_AGGRESSIVE;
				GCC_WARN_UNUSED_FUNCTION = YES;
				GCC_WARN_UNUSED_VARIABLE = YES;
				IPHONEOS_DEPLOYMENT_TARGET = 17.0;
				MTL_FAST_MATH = YES;
				SDKROOT = iphoneos;
				SWIFT_COMPILATION_MODE = wholemodule;
				SWIFT_OPTIMIZATION_LEVEL = "-O";
				VALIDATE_PRODUCT = YES;
			};
			name = Release;
		};
		ABLD003 /* Debug */ = {
			isa = XCBuildConfiguration;
			buildSettings = {
				ASSETCATALOG_COMPILER_APPICON_NAME = AppIcon;
				ASSETCATALOG_COMPILER_GLOBAL_ACCENT_COLOR_NAME = AccentColor;
				CODE_SIGN_STYLE = Automatic;
				CURRENT_PROJECT_VERSION = 1;
				DEVELOPMENT_TEAM = "";
				ENABLE_PREVIEWS = YES;
				GENERATE_INFOPLIST_FILE = YES;
				INFOPLIST_KEY_CFBundleDisplayName = "Rules of the Road";
				INFOPLIST_KEY_UIApplicationSceneManifest_Generation = YES;
				INFOPLIST_KEY_UIApplicationSupportsIndirectInputEvents = YES;
				INFOPLIST_KEY_UILaunchScreen_Generation = YES;
				INFOPLIST_KEY_UISupportedInterfaceOrientations = UIInterfaceOrientationPortrait;
				INFOPLIST_KEY_UISupportedInterfaceOrientations_iPad = UIInterfaceOrientationPortrait;
				IPHONEOS_DEPLOYMENT_TARGET = 17.0;
				LD_RUNPATH_SEARCH_PATHS = (
					"$(inherited)",
					"@executable_path/Frameworks",
				);
				MARKETING_VERSION = 1.0;
				PRODUCT_BUNDLE_IDENTIFIER = com.swsc.rulesoftheroad;
				PRODUCT_NAME = "$(TARGET_NAME)";
				SDKROOT = iphoneos;
				SUPPORTED_PLATFORMS = "iphoneos iphonesimulator";
				SUPPORTS_MACCATALYST = NO;
				SUPPORTS_MAC_DESIGNED_FOR_IPHONE_IPAD = YES;
				SWIFT_EMIT_LOC_STRINGS = YES;
				SWIFT_VERSION = 5.0;
				TARGETED_DEVICE_FAMILY = "1,2";
			};
			name = Debug;
		};
		ABLD004 /* Release */ = {
			isa = XCBuildConfiguration;
			buildSettings = {
				ASSETCATALOG_COMPILER_APPICON_NAME = AppIcon;
				ASSETCATALOG_COMPILER_GLOBAL_ACCENT_COLOR_NAME = AccentColor;
				CODE_SIGN_STYLE = Automatic;
				CURRENT_PROJECT_VERSION = 1;
				DEVELOPMENT_TEAM = "";
				ENABLE_PREVIEWS = YES;
				GENERATE_INFOPLIST_FILE = YES;
				INFOPLIST_KEY_CFBundleDisplayName = "Rules of the Road";
				INFOPLIST_KEY_UIApplicationSceneManifest_Generation = YES;
				INFOPLIST_KEY_UIApplicationSupportsIndirectInputEvents = YES;
				INFOPLIST_KEY_UILaunchScreen_Generation = YES;
				INFOPLIST_KEY_UISupportedInterfaceOrientations = UIInterfaceOrientationPortrait;
				INFOPLIST_KEY_UISupportedInterfaceOrientations_iPad = UIInterfaceOrientationPortrait;
				IPHONEOS_DEPLOYMENT_TARGET = 17.0;
				LD_RUNPATH_SEARCH_PATHS = (
					"$(inherited)",
					"@executable_path/Frameworks",
				);
				MARKETING_VERSION = 1.0;
				PRODUCT_BUNDLE_IDENTIFIER = com.swsc.rulesoftheroad;
				PRODUCT_NAME = "$(TARGET_NAME)";
				SDKROOT = iphoneos;
				SUPPORTED_PLATFORMS = "iphoneos iphonesimulator";
				SUPPORTS_MACCATALYST = NO;
				SUPPORTS_MAC_DESIGNED_FOR_IPHONE_IPAD = YES;
				SWIFT_EMIT_LOC_STRINGS = YES;
				SWIFT_VERSION = 5.0;
				TARGETED_DEVICE_FAMILY = "1,2";
			};
			name = Release;
		};
/* End XCBuildConfiguration section */

/* Begin XCConfigurationList section */
		ACNF000 /* Build configuration list for PBXProject */ = {
			isa = XCConfigurationList;
			buildConfigurations = (
				ABLD001 /* Debug */,
				ABLD002 /* Release */,
			);
			defaultConfigurationIsVisible = 0;
			defaultConfigurationName = Release;
		};
		ACNF001 /* Build configuration list for PBXNativeTarget */ = {
			isa = XCConfigurationList;
			buildConfigurations = (
				ABLD003 /* Debug */,
				ABLD004 /* Release */,
			);
			defaultConfigurationIsVisible = 0;
			defaultConfigurationName = Release;
		};
/* End XCConfigurationList section */

	};
	rootObject = APRJ001 /* Project object */;
}
